
Microsoft Visual Studio Solution File, Format Version 12.00
# Visual Studio Version 17
VisualStudioVersion = 17.5.002.0
MinimumVisualStudioVersion = 10.0.40219.1
Project("{2150E333-8FDC-42A3-9474-1A3956D46DE8}") = "src", "src", "{EFBFC093-04C5-4363-A270-7D05F2C3BB01}"
EndProject
Project("{9A19103F-16F7-4668-BE54-9A1E7A4F7556}") = "CompanySearchMVC", "src\CompanySearchMVC\CompanySearchMVC.csproj", "{02CFC01D-A9AD-4913-B646-67D344BC7AD4}"
EndProject
Global
	GlobalSection(SolutionConfigurationPlatforms) = preSolution
		Debug|Any CPU = Debug|Any CPU
		Release|Any CPU = Release|Any CPU
	EndGlobalSection
	GlobalSection(ProjectConfigurationPlatforms) = postSolution
		{02CFC01D-A9AD-4913-B646-67D344BC7AD4}.Debug|Any CPU.ActiveCfg = Debug|Any CPU
		{02CFC01D-A9AD-4913-B646-67D344BC7AD4}.Debug|Any CPU.Build.0 = Debug|Any CPU
		{02CFC01D-A9AD-4913-B646-67D344BC7AD4}.Release|Any CPU.ActiveCfg = Release|Any CPU
		{02CFC01D-A9AD-4913-B646-67D344BC7AD4}.Release|Any CPU.Build.0 = Release|Any CPU
	EndGlobalSection
	GlobalSection(SolutionProperties) = preSolution
		HideSolutionNode = FALSE
	EndGlobalSection
	GlobalSection(NestedProjects) = preSolution
		{02CFC01D-A9AD-4913-B646-67D344BC7AD4} = {EFBFC093-04C5-4363-A270-7D05F2C3BB01}
	EndGlobalSection
	GlobalSection(ExtensibilityGlobals) = postSolution
		SolutionGuid = {5EEAF1DA-73FE-4F88-96CD-9478BC01C955}
	EndGlobalSection
EndGlobal
